// !$*UTF8*$!
{
	archiveVersion = 1;
	classes = {
	};
	objectVersion = 52;
	objects = {

/* Begin PBXBuildFile section */
		0A02F0C025C97ED7008F53F2 /* SF-Pro-Text-Regular.otf in Resources */ = {isa = PBXBuildFile; fileRef = 0A02F0BF25C97ED7008F53F2 /* SF-Pro-Text-Regular.otf */; };
		0A02F0C325C97EF1008F53F2 /* SF-Pro-Rounded-Bold.otf in Resources */ = {isa = PBXBuildFile; fileRef = 0A02F0C225C97EF1008F53F2 /* SF-Pro-Rounded-Bold.otf */; };
		0A02F0C625C97F06008F53F2 /* SF-Pro-Text-Bold.otf in Resources */ = {isa = PBXBuildFile; fileRef = 0A02F0C525C97F06008F53F2 /* SF-Pro-Text-Bold.otf */; };
		0A42155A261496E8002BC7B2 /* InfoProfilView.swift in Sources */ = {isa = PBXBuildFile; fileRef = 0A421559261496E8002BC7B2 /* InfoProfilView.swift */; };
		0A9DFA312589FFEE001C3ECC /* CameraPreview.swift in Sources */ = {isa = PBXBuildFile; fileRef = 0A9DFA302589FFEE001C3ECC /* CameraPreview.swift */; };
		0ABE4C5525A9D63F00463B1A /* OnboardingCard.swift in Sources */ = {isa = PBXBuildFile; fileRef = 0ABE4C5425A9D63F00463B1A /* OnboardingCard.swift */; };
		0ABE4C5825A9D6AF00463B1A /* OnboardingCardView.swift in Sources */ = {isa = PBXBuildFile; fileRef = 0ABE4C5725A9D6AF00463B1A /* OnboardingCardView.swift */; };
		0ABE4C5B25A9E89600463B1A /* PageViewController.swift in Sources */ = {isa = PBXBuildFile; fileRef = 0ABE4C5A25A9E89600463B1A /* PageViewController.swift */; };
		0ABE4C5E25A9EA6000463B1A /* PageView.swift in Sources */ = {isa = PBXBuildFile; fileRef = 0ABE4C5D25A9EA6000463B1A /* PageView.swift */; };
		0ABE4C6125A9F3A000463B1A /* PageControl.swift in Sources */ = {isa = PBXBuildFile; fileRef = 0ABE4C6025A9F3A000463B1A /* PageControl.swift */; };
		0AFD140B256E7CD3000EFEBA /* ScannerViewModel.swift in Sources */ = {isa = PBXBuildFile; fileRef = 0AFD140A256E7CD3000EFEBA /* ScannerViewModel.swift */; };
		0AFD140E256E7CF9000EFEBA /* ScannerView.swift in Sources */ = {isa = PBXBuildFile; fileRef = 0AFD140D256E7CF9000EFEBA /* ScannerView.swift */; };
		0AFD1411256E7D31000EFEBA /* QrCodeCameraDelegate.swift in Sources */ = {isa = PBXBuildFile; fileRef = 0AFD1410256E7D31000EFEBA /* QrCodeCameraDelegate.swift */; };
		0AFD1417256E7DD1000EFEBA /* QrCodeScannerView.swift in Sources */ = {isa = PBXBuildFile; fileRef = 0AFD1416256E7DD1000EFEBA /* QrCodeScannerView.swift */; };
		470D972C256BBA080083912C /* Request.swift in Sources */ = {isa = PBXBuildFile; fileRef = 470D972B256BBA080083912C /* Request.swift */; };
		470D9731256BBB2D0083912C /* GenericServerResponse.swift in Sources */ = {isa = PBXBuildFile; fileRef = 470D9730256BBB2D0083912C /* GenericServerResponse.swift */; };
		470D9736256BBB4D0083912C /* AnyEncodable.swift in Sources */ = {isa = PBXBuildFile; fileRef = 470D9735256BBB4D0083912C /* AnyEncodable.swift */; };
		4715A4E2256E66F000C24659 /* RestaurantApiService.swift in Sources */ = {isa = PBXBuildFile; fileRef = 4715A4E1256E66F000C24659 /* RestaurantApiService.swift */; };
		4715A4E5256E672E00C24659 /* DishApiService.swift in Sources */ = {isa = PBXBuildFile; fileRef = 4715A4E4256E672E00C24659 /* DishApiService.swift */; };
		4715A4E8256E67BF00C24659 /* Dish.swift in Sources */ = {isa = PBXBuildFile; fileRef = 4715A4E7256E67BF00C24659 /* Dish.swift */; };
		4715A4EB256E6B4A00C24659 /* RestaurantDTO.swift in Sources */ = {isa = PBXBuildFile; fileRef = 4715A4EA256E6B4A00C24659 /* RestaurantDTO.swift */; };
		4765860A25CB498C00871FDC /* QrCodeScannerViewModel.swift in Sources */ = {isa = PBXBuildFile; fileRef = 4765860925CB498C00871FDC /* QrCodeScannerViewModel.swift */; };
		47CE67AA258A0431004940D7 /* MenuView.swift in Sources */ = {isa = PBXBuildFile; fileRef = 47CE67A9258A0431004940D7 /* MenuView.swift */; };
		47CE67AE258A3FDE004940D7 /* MenuViewModel.swift in Sources */ = {isa = PBXBuildFile; fileRef = 47CE67AD258A3FDE004940D7 /* MenuViewModel.swift */; };
		9595267B27D89D2400D17FF8 /* RestaurantInfoView.swift in Sources */ = {isa = PBXBuildFile; fileRef = 9595267A27D89D2400D17FF8 /* RestaurantInfoView.swift */; };
		9595267D27D9086000D17FF8 /* ImageCarouselView.swift in Sources */ = {isa = PBXBuildFile; fileRef = 9595267C27D9085F00D17FF8 /* ImageCarouselView.swift */; };
		B3408E0F25B8275E006BD523 /* DishCategoryApiService.swift in Sources */ = {isa = PBXBuildFile; fileRef = B3408E0E25B8275E006BD523 /* DishCategoryApiService.swift */; };
		B3408E1225B827C8006BD523 /* DishCategory.swift in Sources */ = {isa = PBXBuildFile; fileRef = B3408E1125B827C8006BD523 /* DishCategory.swift */; };
		B3408E1925B82C5C006BD523 /* CategoriesTopBarView.swift in Sources */ = {isa = PBXBuildFile; fileRef = B3408E1825B82C5C006BD523 /* CategoriesTopBarView.swift */; };
		B38E711725B861FD00A67830 /* DishDetailView.swift in Sources */ = {isa = PBXBuildFile; fileRef = B38E711625B861FD00A67830 /* DishDetailView.swift */; };
		B38E711E25B877F900A67830 /* IndexedForEach.swift in Sources */ = {isa = PBXBuildFile; fileRef = B38E711D25B877F900A67830 /* IndexedForEach.swift */; };
		BA446996261467B800CFBF1D /* HistoryView.swift in Sources */ = {isa = PBXBuildFile; fileRef = BA446995261467B800CFBF1D /* HistoryView.swift */; };
		BA44699A26146A0000CFBF1D /* HistoryViewModel.swift in Sources */ = {isa = PBXBuildFile; fileRef = BA44699926146A0000CFBF1D /* HistoryViewModel.swift */; };
		BA4469A526146E2800CFBF1D /* IndexedForEachHistory.swift in Sources */ = {isa = PBXBuildFile; fileRef = BA4469A426146E2800CFBF1D /* IndexedForEachHistory.swift */; };
		BA51E1492610C288006AC7DB /* LoginView.swift in Sources */ = {isa = PBXBuildFile; fileRef = BA51E1482610C288006AC7DB /* LoginView.swift */; };
		BA51E14D2610C290006AC7DB /* RegisterView.swift in Sources */ = {isa = PBXBuildFile; fileRef = BA51E14C2610C290006AC7DB /* RegisterView.swift */; };
		BA85DD182619EBF6009247EF /* UserDTO.swift in Sources */ = {isa = PBXBuildFile; fileRef = BA85DD172619EBF6009247EF /* UserDTO.swift */; };
		BACCEDAC2619FEA800752D60 /* Restaurant.swift in Sources */ = {isa = PBXBuildFile; fileRef = BACCEDAB2619FEA800752D60 /* Restaurant.swift */; };
		BAF8267A262C6CC600427AE7 /* RegisterWebService.swift in Sources */ = {isa = PBXBuildFile; fileRef = BAF82679262C6CC600427AE7 /* RegisterWebService.swift */; };
		BAF8267D262C6DD100427AE7 /* RegisterViewModel.swift in Sources */ = {isa = PBXBuildFile; fileRef = BAF8267C262C6DD100427AE7 /* RegisterViewModel.swift */; };
		BAFA3E28260939030082C3EE /* ProfilView.swift in Sources */ = {isa = PBXBuildFile; fileRef = BAFA3E27260939030082C3EE /* ProfilView.swift */; };
		E322F68225CB1F65004AF310 /* SDWebImageSwiftUI in Frameworks */ = {isa = PBXBuildFile; productRef = E322F68125CB1F65004AF310 /* SDWebImageSwiftUI */; };
		E333305425C40F02008278B2 /* ARQuickLook.swift in Sources */ = {isa = PBXBuildFile; fileRef = E333305325C40F02008278B2 /* ARQuickLook.swift */; };
		E33883A22620ED04009FEA0F /* ViewRouter.swift in Sources */ = {isa = PBXBuildFile; fileRef = E33883A12620ED04009FEA0F /* ViewRouter.swift */; };
		E33D6D052790BD78002D0DE1 /* ARQLView.swift in Sources */ = {isa = PBXBuildFile; fileRef = E33D6D042790BD78002D0DE1 /* ARQLView.swift */; };
		E343150527F5DE000081E1A9 /* AuthenticationServices.framework in Frameworks */ = {isa = PBXBuildFile; fileRef = E343150427F5DE000081E1A9 /* AuthenticationServices.framework */; };
		E343150727F65F4B0081E1A9 /* RestaurantInfoViewModel.swift in Sources */ = {isa = PBXBuildFile; fileRef = E343150627F65F4B0081E1A9 /* RestaurantInfoViewModel.swift */; };
		E36599CF256EA10800D58F6F /* Assets.xcassets in Resources */ = {isa = PBXBuildFile; fileRef = E36599CE256EA10800D58F6F /* Assets.xcassets */; };
		E36D852725333B0E00722077 /* AppDelegate.swift in Sources */ = {isa = PBXBuildFile; fileRef = E36D852625333B0E00722077 /* AppDelegate.swift */; };
		E36D852925333B0E00722077 /* ContentView.swift in Sources */ = {isa = PBXBuildFile; fileRef = E36D852825333B0E00722077 /* ContentView.swift */; };
		E36D853025333B0F00722077 /* Preview Assets.xcassets in Resources */ = {isa = PBXBuildFile; fileRef = E36D852F25333B0F00722077 /* Preview Assets.xcassets */; };
		E3868A5327F3B2C000730C80 /* OffsetModifier+OffsetKey.swift in Sources */ = {isa = PBXBuildFile; fileRef = E3868A5227F3B2C000730C80 /* OffsetModifier+OffsetKey.swift */; };
		E3868A5527F3B30E00730C80 /* MenuCardView.swift in Sources */ = {isa = PBXBuildFile; fileRef = E3868A5427F3B30E00730C80 /* MenuCardView.swift */; };
		E3BC0DB726149B6E00ED1900 /* ApplicationState.swift in Sources */ = {isa = PBXBuildFile; fileRef = E3BC0DB626149B6E00ED1900 /* ApplicationState.swift */; };
		E3BC0DBA26149B9C00ED1900 /* KeychainSwift in Frameworks */ = {isa = PBXBuildFile; productRef = E3BC0DB926149B9C00ED1900 /* KeychainSwift */; };
		E3BC0DBD26149C0400ED1900 /* JWTDecode in Frameworks */ = {isa = PBXBuildFile; productRef = E3BC0DBC26149C0400ED1900 /* JWTDecode */; };
		E3BC0DC12614AE4900ED1900 /* User.swift in Sources */ = {isa = PBXBuildFile; fileRef = E3BC0DC02614AE4900ED1900 /* User.swift */; };
		E3BC0DC42614B22C00ED1900 /* AccountView.swift in Sources */ = {isa = PBXBuildFile; fileRef = E3BC0DC32614B22C00ED1900 /* AccountView.swift */; };
		E3BC0DC62614B6CA00ED1900 /* LoginViewModel.swift in Sources */ = {isa = PBXBuildFile; fileRef = E3BC0DC52614B6CA00ED1900 /* LoginViewModel.swift */; };
		E3BC0DD22614BF5F00ED1900 /* Routing.swift in Sources */ = {isa = PBXBuildFile; fileRef = E3BC0DD12614BF5F00ED1900 /* Routing.swift */; };
		E3BC0DD42614BF6C00ED1900 /* RoutingProvider.swift in Sources */ = {isa = PBXBuildFile; fileRef = E3BC0DD32614BF6C00ED1900 /* RoutingProvider.swift */; };
		E3BC0DD62614BF7500ED1900 /* Weakable.swift in Sources */ = {isa = PBXBuildFile; fileRef = E3BC0DD52614BF7500ED1900 /* Weakable.swift */; };
		E3BC0DD82614C04F00ED1900 /* Hostname.swift in Sources */ = {isa = PBXBuildFile; fileRef = E3BC0DD72614C04F00ED1900 /* Hostname.swift */; };
		E3BC0DDA2614C0A400ED1900 /* LoginWebService.swift in Sources */ = {isa = PBXBuildFile; fileRef = E3BC0DD92614C0A400ED1900 /* LoginWebService.swift */; };
		E3EB411125C9EA010016862A /* Blur.swift in Sources */ = {isa = PBXBuildFile; fileRef = E3EB411025C9EA010016862A /* Blur.swift */; };
/* End PBXBuildFile section */

/* Begin PBXFileReference section */
		0A02F0BF25C97ED7008F53F2 /* SF-Pro-Text-Regular.otf */ = {isa = PBXFileReference; lastKnownFileType = file; path = "SF-Pro-Text-Regular.otf"; sourceTree = "<group>"; };
		0A02F0C225C97EF1008F53F2 /* SF-Pro-Rounded-Bold.otf */ = {isa = PBXFileReference; lastKnownFileType = file; path = "SF-Pro-Rounded-Bold.otf"; sourceTree = "<group>"; };
		0A02F0C525C97F06008F53F2 /* SF-Pro-Text-Bold.otf */ = {isa = PBXFileReference; lastKnownFileType = file; path = "SF-Pro-Text-Bold.otf"; sourceTree = "<group>"; };
		0A421559261496E8002BC7B2 /* InfoProfilView.swift */ = {isa = PBXFileReference; lastKnownFileType = sourcecode.swift; path = InfoProfilView.swift; sourceTree = "<group>"; };
		0A9DFA302589FFEE001C3ECC /* CameraPreview.swift */ = {isa = PBXFileReference; fileEncoding = 4; lastKnownFileType = sourcecode.swift; path = CameraPreview.swift; sourceTree = "<group>"; };
		0ABE4C5425A9D63F00463B1A /* OnboardingCard.swift */ = {isa = PBXFileReference; lastKnownFileType = sourcecode.swift; path = OnboardingCard.swift; sourceTree = "<group>"; };
		0ABE4C5725A9D6AF00463B1A /* OnboardingCardView.swift */ = {isa = PBXFileReference; lastKnownFileType = sourcecode.swift; path = OnboardingCardView.swift; sourceTree = "<group>"; };
		0ABE4C5A25A9E89600463B1A /* PageViewController.swift */ = {isa = PBXFileReference; lastKnownFileType = sourcecode.swift; path = PageViewController.swift; sourceTree = "<group>"; };
		0ABE4C5D25A9EA6000463B1A /* PageView.swift */ = {isa = PBXFileReference; lastKnownFileType = sourcecode.swift; path = PageView.swift; sourceTree = "<group>"; };
		0ABE4C6025A9F3A000463B1A /* PageControl.swift */ = {isa = PBXFileReference; lastKnownFileType = sourcecode.swift; path = PageControl.swift; sourceTree = "<group>"; };
		0AFD140A256E7CD3000EFEBA /* ScannerViewModel.swift */ = {isa = PBXFileReference; lastKnownFileType = sourcecode.swift; path = ScannerViewModel.swift; sourceTree = "<group>"; };
		0AFD140D256E7CF9000EFEBA /* ScannerView.swift */ = {isa = PBXFileReference; lastKnownFileType = sourcecode.swift; path = ScannerView.swift; sourceTree = "<group>"; };
		0AFD1410256E7D31000EFEBA /* QrCodeCameraDelegate.swift */ = {isa = PBXFileReference; lastKnownFileType = sourcecode.swift; path = QrCodeCameraDelegate.swift; sourceTree = "<group>"; };
		0AFD1416256E7DD1000EFEBA /* QrCodeScannerView.swift */ = {isa = PBXFileReference; lastKnownFileType = sourcecode.swift; path = QrCodeScannerView.swift; sourceTree = "<group>"; };
		470D972B256BBA080083912C /* Request.swift */ = {isa = PBXFileReference; lastKnownFileType = sourcecode.swift; path = Request.swift; sourceTree = "<group>"; };
		470D9730256BBB2D0083912C /* GenericServerResponse.swift */ = {isa = PBXFileReference; lastKnownFileType = sourcecode.swift; path = GenericServerResponse.swift; sourceTree = "<group>"; };
		470D9735256BBB4D0083912C /* AnyEncodable.swift */ = {isa = PBXFileReference; lastKnownFileType = sourcecode.swift; path = AnyEncodable.swift; sourceTree = "<group>"; };
		4715A4E1256E66F000C24659 /* RestaurantApiService.swift */ = {isa = PBXFileReference; lastKnownFileType = sourcecode.swift; path = RestaurantApiService.swift; sourceTree = "<group>"; };
		4715A4E4256E672E00C24659 /* DishApiService.swift */ = {isa = PBXFileReference; lastKnownFileType = sourcecode.swift; path = DishApiService.swift; sourceTree = "<group>"; };
		4715A4E7256E67BF00C24659 /* Dish.swift */ = {isa = PBXFileReference; lastKnownFileType = sourcecode.swift; path = Dish.swift; sourceTree = "<group>"; };
		4715A4EA256E6B4A00C24659 /* RestaurantDTO.swift */ = {isa = PBXFileReference; lastKnownFileType = sourcecode.swift; path = RestaurantDTO.swift; sourceTree = "<group>"; };
		4765860925CB498C00871FDC /* QrCodeScannerViewModel.swift */ = {isa = PBXFileReference; lastKnownFileType = sourcecode.swift; path = QrCodeScannerViewModel.swift; sourceTree = "<group>"; };
		47CE67A9258A0431004940D7 /* MenuView.swift */ = {isa = PBXFileReference; lastKnownFileType = sourcecode.swift; path = MenuView.swift; sourceTree = "<group>"; };
		47CE67AD258A3FDE004940D7 /* MenuViewModel.swift */ = {isa = PBXFileReference; lastKnownFileType = sourcecode.swift; path = MenuViewModel.swift; sourceTree = "<group>"; };
		9595267A27D89D2400D17FF8 /* RestaurantInfoView.swift */ = {isa = PBXFileReference; lastKnownFileType = sourcecode.swift; path = RestaurantInfoView.swift; sourceTree = "<group>"; };
		9595267C27D9085F00D17FF8 /* ImageCarouselView.swift */ = {isa = PBXFileReference; lastKnownFileType = sourcecode.swift; path = ImageCarouselView.swift; sourceTree = "<group>"; };
		B3408E0E25B8275E006BD523 /* DishCategoryApiService.swift */ = {isa = PBXFileReference; lastKnownFileType = sourcecode.swift; path = DishCategoryApiService.swift; sourceTree = "<group>"; };
		B3408E1125B827C8006BD523 /* DishCategory.swift */ = {isa = PBXFileReference; lastKnownFileType = sourcecode.swift; path = DishCategory.swift; sourceTree = "<group>"; };
		B3408E1825B82C5C006BD523 /* CategoriesTopBarView.swift */ = {isa = PBXFileReference; lastKnownFileType = sourcecode.swift; path = CategoriesTopBarView.swift; sourceTree = "<group>"; };
		B38E711625B861FD00A67830 /* DishDetailView.swift */ = {isa = PBXFileReference; lastKnownFileType = sourcecode.swift; path = DishDetailView.swift; sourceTree = "<group>"; };
		B38E711D25B877F900A67830 /* IndexedForEach.swift */ = {isa = PBXFileReference; lastKnownFileType = sourcecode.swift; path = IndexedForEach.swift; sourceTree = "<group>"; };
		BA446995261467B800CFBF1D /* HistoryView.swift */ = {isa = PBXFileReference; lastKnownFileType = sourcecode.swift; path = HistoryView.swift; sourceTree = "<group>"; };
		BA44699926146A0000CFBF1D /* HistoryViewModel.swift */ = {isa = PBXFileReference; lastKnownFileType = sourcecode.swift; path = HistoryViewModel.swift; sourceTree = "<group>"; };
		BA4469A426146E2800CFBF1D /* IndexedForEachHistory.swift */ = {isa = PBXFileReference; lastKnownFileType = sourcecode.swift; path = IndexedForEachHistory.swift; sourceTree = "<group>"; };
		BA51E1482610C288006AC7DB /* LoginView.swift */ = {isa = PBXFileReference; fileEncoding = 4; lastKnownFileType = sourcecode.swift; path = LoginView.swift; sourceTree = "<group>"; };
		BA51E14C2610C290006AC7DB /* RegisterView.swift */ = {isa = PBXFileReference; fileEncoding = 4; lastKnownFileType = sourcecode.swift; path = RegisterView.swift; sourceTree = "<group>"; };
		BA85DD172619EBF6009247EF /* UserDTO.swift */ = {isa = PBXFileReference; lastKnownFileType = sourcecode.swift; path = UserDTO.swift; sourceTree = "<group>"; };
		BACCEDAB2619FEA800752D60 /* Restaurant.swift */ = {isa = PBXFileReference; lastKnownFileType = sourcecode.swift; path = Restaurant.swift; sourceTree = "<group>"; };
		BAF82679262C6CC600427AE7 /* RegisterWebService.swift */ = {isa = PBXFileReference; lastKnownFileType = sourcecode.swift; path = RegisterWebService.swift; sourceTree = "<group>"; };
		BAF8267C262C6DD100427AE7 /* RegisterViewModel.swift */ = {isa = PBXFileReference; lastKnownFileType = sourcecode.swift; path = RegisterViewModel.swift; sourceTree = "<group>"; };
		BAFA3E27260939030082C3EE /* ProfilView.swift */ = {isa = PBXFileReference; lastKnownFileType = sourcecode.swift; path = ProfilView.swift; sourceTree = "<group>"; };
		E333305325C40F02008278B2 /* ARQuickLook.swift */ = {isa = PBXFileReference; lastKnownFileType = sourcecode.swift; path = ARQuickLook.swift; sourceTree = "<group>"; };
		E33883A12620ED04009FEA0F /* ViewRouter.swift */ = {isa = PBXFileReference; lastKnownFileType = sourcecode.swift; path = ViewRouter.swift; sourceTree = "<group>"; };
		E33D6D042790BD78002D0DE1 /* ARQLView.swift */ = {isa = PBXFileReference; lastKnownFileType = sourcecode.swift; path = ARQLView.swift; sourceTree = "<group>"; };
		E343150327F5DE000081E1A9 /* ymenu-ios.entitlements */ = {isa = PBXFileReference; lastKnownFileType = text.plist.entitlements; path = "ymenu-ios.entitlements"; sourceTree = "<group>"; };
		E343150427F5DE000081E1A9 /* AuthenticationServices.framework */ = {isa = PBXFileReference; lastKnownFileType = wrapper.framework; name = AuthenticationServices.framework; path = System/Library/Frameworks/AuthenticationServices.framework; sourceTree = SDKROOT; };
		E343150627F65F4B0081E1A9 /* RestaurantInfoViewModel.swift */ = {isa = PBXFileReference; lastKnownFileType = sourcecode.swift; path = RestaurantInfoViewModel.swift; sourceTree = "<group>"; };
		E36599CE256EA10800D58F6F /* Assets.xcassets */ = {isa = PBXFileReference; lastKnownFileType = folder.assetcatalog; path = Assets.xcassets; sourceTree = "<group>"; };
		E36D852325333B0E00722077 /* ymenu-ios.app */ = {isa = PBXFileReference; explicitFileType = wrapper.application; includeInIndex = 0; path = "ymenu-ios.app"; sourceTree = BUILT_PRODUCTS_DIR; };
		E36D852625333B0E00722077 /* AppDelegate.swift */ = {isa = PBXFileReference; lastKnownFileType = sourcecode.swift; path = AppDelegate.swift; sourceTree = "<group>"; };
		E36D852825333B0E00722077 /* ContentView.swift */ = {isa = PBXFileReference; lastKnownFileType = sourcecode.swift; path = ContentView.swift; sourceTree = "<group>"; };
		E36D852F25333B0F00722077 /* Preview Assets.xcassets */ = {isa = PBXFileReference; lastKnownFileType = folder.assetcatalog; path = "Preview Assets.xcassets"; sourceTree = "<group>"; };
		E36D853125333B0F00722077 /* Info.plist */ = {isa = PBXFileReference; lastKnownFileType = text.plist.xml; path = Info.plist; sourceTree = "<group>"; };
		E3868A5227F3B2C000730C80 /* OffsetModifier+OffsetKey.swift */ = {isa = PBXFileReference; lastKnownFileType = sourcecode.swift; path = "OffsetModifier+OffsetKey.swift"; sourceTree = "<group>"; };
		E3868A5427F3B30E00730C80 /* MenuCardView.swift */ = {isa = PBXFileReference; lastKnownFileType = sourcecode.swift; path = MenuCardView.swift; sourceTree = "<group>"; };
		E3BC0DB626149B6E00ED1900 /* ApplicationState.swift */ = {isa = PBXFileReference; lastKnownFileType = sourcecode.swift; path = ApplicationState.swift; sourceTree = "<group>"; };
		E3BC0DC02614AE4900ED1900 /* User.swift */ = {isa = PBXFileReference; lastKnownFileType = sourcecode.swift; path = User.swift; sourceTree = "<group>"; };
		E3BC0DC32614B22C00ED1900 /* AccountView.swift */ = {isa = PBXFileReference; lastKnownFileType = sourcecode.swift; path = AccountView.swift; sourceTree = "<group>"; };
		E3BC0DC52614B6CA00ED1900 /* LoginViewModel.swift */ = {isa = PBXFileReference; lastKnownFileType = sourcecode.swift; path = LoginViewModel.swift; sourceTree = "<group>"; };
		E3BC0DD12614BF5F00ED1900 /* Routing.swift */ = {isa = PBXFileReference; lastKnownFileType = sourcecode.swift; path = Routing.swift; sourceTree = "<group>"; };
		E3BC0DD32614BF6C00ED1900 /* RoutingProvider.swift */ = {isa = PBXFileReference; lastKnownFileType = sourcecode.swift; path = RoutingProvider.swift; sourceTree = "<group>"; };
		E3BC0DD52614BF7500ED1900 /* Weakable.swift */ = {isa = PBXFileReference; lastKnownFileType = sourcecode.swift; path = Weakable.swift; sourceTree = "<group>"; };
		E3BC0DD72614C04F00ED1900 /* Hostname.swift */ = {isa = PBXFileReference; lastKnownFileType = sourcecode.swift; path = Hostname.swift; sourceTree = "<group>"; };
		E3BC0DD92614C0A400ED1900 /* LoginWebService.swift */ = {isa = PBXFileReference; lastKnownFileType = sourcecode.swift; path = LoginWebService.swift; sourceTree = "<group>"; };
		E3EB411025C9EA010016862A /* Blur.swift */ = {isa = PBXFileReference; lastKnownFileType = sourcecode.swift; path = Blur.swift; sourceTree = "<group>"; };
/* End PBXFileReference section */

/* Begin PBXFrameworksBuildPhase section */
		E36D852025333B0E00722077 /* Frameworks */ = {
			isa = PBXFrameworksBuildPhase;
			buildActionMask = 2147483647;
			files = (
				E343150527F5DE000081E1A9 /* AuthenticationServices.framework in Frameworks */,
				E3BC0DBA26149B9C00ED1900 /* KeychainSwift in Frameworks */,
				E322F68225CB1F65004AF310 /* SDWebImageSwiftUI in Frameworks */,
				E3BC0DBD26149C0400ED1900 /* JWTDecode in Frameworks */,
			);
			runOnlyForDeploymentPostprocessing = 0;
		};
/* End PBXFrameworksBuildPhase section */

/* Begin PBXGroup section */
		0A6095E525B7548300952BDD /* Fonts */ = {
			isa = PBXGroup;
			children = (
				0A02F0C525C97F06008F53F2 /* SF-Pro-Text-Bold.otf */,
				0A02F0C225C97EF1008F53F2 /* SF-Pro-Rounded-Bold.otf */,
				0A02F0BF25C97ED7008F53F2 /* SF-Pro-Text-Regular.otf */,
			);
			path = Fonts;
			sourceTree = "<group>";
		};
		4701D01725CBE4CE0090D786 /* Onboarding */ = {
			isa = PBXGroup;
			children = (
				0ABE4C5425A9D63F00463B1A /* OnboardingCard.swift */,
				0ABE4C5725A9D6AF00463B1A /* OnboardingCardView.swift */,
				0ABE4C5A25A9E89600463B1A /* PageViewController.swift */,
				0ABE4C5D25A9EA6000463B1A /* PageView.swift */,
				0ABE4C6025A9F3A000463B1A /* PageControl.swift */,
			);
			path = Onboarding;
			sourceTree = "<group>";
		};
		470D972A256BB9E80083912C /* Service */ = {
			isa = PBXGroup;
			children = (
				E3BC0DD02614BF4000ED1900 /* Extendables */,
				470D972B256BBA080083912C /* Request.swift */,
				4715A4E1256E66F000C24659 /* RestaurantApiService.swift */,
				4715A4E4256E672E00C24659 /* DishApiService.swift */,
				B3408E0E25B8275E006BD523 /* DishCategoryApiService.swift */,
				E3BC0DD92614C0A400ED1900 /* LoginWebService.swift */,
				BAF82679262C6CC600427AE7 /* RegisterWebService.swift */,
			);
			path = Service;
			sourceTree = "<group>";
		};
		470D972F256BBB0D0083912C /* Model */ = {
			isa = PBXGroup;
			children = (
				470D9734256BBB390083912C /* DTO */,
				470D9730256BBB2D0083912C /* GenericServerResponse.swift */,
				BACCEDAB2619FEA800752D60 /* Restaurant.swift */,
				4715A4E7256E67BF00C24659 /* Dish.swift */,
				B3408E1125B827C8006BD523 /* DishCategory.swift */,
				E3BC0DC02614AE4900ED1900 /* User.swift */,
			);
			path = Model;
			sourceTree = "<group>";
		};
		470D9734256BBB390083912C /* DTO */ = {
			isa = PBXGroup;
			children = (
				470D9735256BBB4D0083912C /* AnyEncodable.swift */,
				4715A4EA256E6B4A00C24659 /* RestaurantDTO.swift */,
				BA85DD172619EBF6009247EF /* UserDTO.swift */,
			);
			path = DTO;
			sourceTree = "<group>";
		};
		479FEB2325C9BDD500A75197 /* QRCode */ = {
			isa = PBXGroup;
			children = (
				0AFD1416256E7DD1000EFEBA /* QrCodeScannerView.swift */,
				0AFD140D256E7CF9000EFEBA /* ScannerView.swift */,
				0AFD140A256E7CD3000EFEBA /* ScannerViewModel.swift */,
				0A9DFA302589FFEE001C3ECC /* CameraPreview.swift */,
				0AFD1410256E7D31000EFEBA /* QrCodeCameraDelegate.swift */,
				4765860925CB498C00871FDC /* QrCodeScannerViewModel.swift */,
			);
			path = QRCode;
			sourceTree = "<group>";
		};
		9595267927D89CFD00D17FF8 /* Restaurant */ = {
			isa = PBXGroup;
			children = (
				9595267A27D89D2400D17FF8 /* RestaurantInfoView.swift */,
				9595267C27D9085F00D17FF8 /* ImageCarouselView.swift */,
				E343150627F65F4B0081E1A9 /* RestaurantInfoViewModel.swift */,
			);
			path = Restaurant;
			sourceTree = "<group>";
		};
		B3408E1425B82B28006BD523 /* Controller */ = {
			isa = PBXGroup;
			children = (
				9595267927D89CFD00D17FF8 /* Restaurant */,
				BA4469942614679300CFBF1D /* History */,
				E3BC0DC22614B22000ED1900 /* Account */,
				BA51E14B2610C290006AC7DB /* Register  */,
				BA51E1472610C288006AC7DB /* Login  */,
				BAFA3E26260938F00082C3EE /* Profil */,
				4701D01725CBE4CE0090D786 /* Onboarding */,
				479FEB2325C9BDD500A75197 /* QRCode */,
				B38E711525B861ED00A67830 /* Dish */,
				B3408E1525B82B39006BD523 /* Menu */,
			);
			path = Controller;
			sourceTree = "<group>";
		};
		B3408E1525B82B39006BD523 /* Menu */ = {
			isa = PBXGroup;
			children = (
				47CE67AD258A3FDE004940D7 /* MenuViewModel.swift */,
				47CE67A9258A0431004940D7 /* MenuView.swift */,
				E3868A5427F3B30E00730C80 /* MenuCardView.swift */,
				B3408E1825B82C5C006BD523 /* CategoriesTopBarView.swift */,
				B38E711D25B877F900A67830 /* IndexedForEach.swift */,
				E3868A5227F3B2C000730C80 /* OffsetModifier+OffsetKey.swift */,
			);
			path = Menu;
			sourceTree = "<group>";
		};
		B38E711525B861ED00A67830 /* Dish */ = {
			isa = PBXGroup;
			children = (
				E333305325C40F02008278B2 /* ARQuickLook.swift */,
				B38E711625B861FD00A67830 /* DishDetailView.swift */,
				E33D6D042790BD78002D0DE1 /* ARQLView.swift */,
			);
			path = Dish;
			sourceTree = "<group>";
		};
		BA4469942614679300CFBF1D /* History */ = {
			isa = PBXGroup;
			children = (
				BA446995261467B800CFBF1D /* HistoryView.swift */,
				BA44699926146A0000CFBF1D /* HistoryViewModel.swift */,
				BA4469A426146E2800CFBF1D /* IndexedForEachHistory.swift */,
			);
			path = History;
			sourceTree = "<group>";
		};
		BA51E1472610C288006AC7DB /* Login  */ = {
			isa = PBXGroup;
			children = (
				BA51E1482610C288006AC7DB /* LoginView.swift */,
				E3BC0DC52614B6CA00ED1900 /* LoginViewModel.swift */,
			);
			path = "Login ";
			sourceTree = "<group>";
		};
		BA51E14B2610C290006AC7DB /* Register  */ = {
			isa = PBXGroup;
			children = (
				BA51E14C2610C290006AC7DB /* RegisterView.swift */,
				BAF8267C262C6DD100427AE7 /* RegisterViewModel.swift */,
			);
			path = "Register ";
			sourceTree = "<group>";
		};
		BAFA3E26260938F00082C3EE /* Profil */ = {
			isa = PBXGroup;
			children = (
				BAFA3E27260939030082C3EE /* ProfilView.swift */,
				0A421559261496E8002BC7B2 /* InfoProfilView.swift */,
			);
			path = Profil;
			sourceTree = "<group>";
		};
		E322F68025CB1F65004AF310 /* Frameworks */ = {
			isa = PBXGroup;
			children = (
				E343150427F5DE000081E1A9 /* AuthenticationServices.framework */,
			);
			name = Frameworks;
			sourceTree = "<group>";
		};
		E36D851A25333B0E00722077 = {
			isa = PBXGroup;
			children = (
				E36D852525333B0E00722077 /* ymenu-ios */,
				E36D852425333B0E00722077 /* Products */,
				E322F68025CB1F65004AF310 /* Frameworks */,
			);
			sourceTree = "<group>";
		};
		E36D852425333B0E00722077 /* Products */ = {
			isa = PBXGroup;
			children = (
				E36D852325333B0E00722077 /* ymenu-ios.app */,
			);
			name = Products;
			sourceTree = "<group>";
		};
		E36D852525333B0E00722077 /* ymenu-ios */ = {
			isa = PBXGroup;
			children = (
				E343150327F5DE000081E1A9 /* ymenu-ios.entitlements */,
				B3408E1425B82B28006BD523 /* Controller */,
				0A6095E525B7548300952BDD /* Fonts */,
				E3EB411325C9FF870016862A /* Additions */,
				E36599CE256EA10800D58F6F /* Assets.xcassets */,
				470D972F256BBB0D0083912C /* Model */,
				470D972A256BB9E80083912C /* Service */,
				E36D852625333B0E00722077 /* AppDelegate.swift */,
				E36D852825333B0E00722077 /* ContentView.swift */,
				E36D853125333B0F00722077 /* Info.plist */,
				E36D852E25333B0F00722077 /* Preview Content */,
				E3BC0DB626149B6E00ED1900 /* ApplicationState.swift */,
				E33883A12620ED04009FEA0F /* ViewRouter.swift */,
			);
			path = "ymenu-ios";
			sourceTree = "<group>";
		};
		E36D852E25333B0F00722077 /* Preview Content */ = {
			isa = PBXGroup;
			children = (
				E36D852F25333B0F00722077 /* Preview Assets.xcassets */,
			);
			path = "Preview Content";
			sourceTree = "<group>";
		};
		E3BC0DC22614B22000ED1900 /* Account */ = {
			isa = PBXGroup;
			children = (
				E3BC0DC32614B22C00ED1900 /* AccountView.swift */,
			);
			path = Account;
			sourceTree = "<group>";
		};
		E3BC0DD02614BF4000ED1900 /* Extendables */ = {
			isa = PBXGroup;
			children = (
				E3BC0DD12614BF5F00ED1900 /* Routing.swift */,
				E3BC0DD32614BF6C00ED1900 /* RoutingProvider.swift */,
				E3BC0DD52614BF7500ED1900 /* Weakable.swift */,
				E3BC0DD72614C04F00ED1900 /* Hostname.swift */,
			);
			path = Extendables;
			sourceTree = "<group>";
		};
		E3EB411325C9FF870016862A /* Additions */ = {
			isa = PBXGroup;
			children = (
				E3EB411025C9EA010016862A /* Blur.swift */,
			);
			path = Additions;
			sourceTree = "<group>";
		};
/* End PBXGroup section */

/* Begin PBXNativeTarget section */
		E36D852225333B0E00722077 /* ymenu-ios */ = {
			isa = PBXNativeTarget;
			buildConfigurationList = E36D853425333B0F00722077 /* Build configuration list for PBXNativeTarget "ymenu-ios" */;
			buildPhases = (
				E36D851F25333B0E00722077 /* Sources */,
				E36D852025333B0E00722077 /* Frameworks */,
				E36D852125333B0E00722077 /* Resources */,
			);
			buildRules = (
			);
			dependencies = (
			);
			name = "ymenu-ios";
			packageProductDependencies = (
				E322F68125CB1F65004AF310 /* SDWebImageSwiftUI */,
				E3BC0DB926149B9C00ED1900 /* KeychainSwift */,
				E3BC0DBC26149C0400ED1900 /* JWTDecode */,
			);
			productName = "ymenu-ios";
			productReference = E36D852325333B0E00722077 /* ymenu-ios.app */;
			productType = "com.apple.product-type.application";
		};
/* End PBXNativeTarget section */

/* Begin PBXProject section */
		E36D851B25333B0E00722077 /* Project object */ = {
			isa = PBXProject;
			attributes = {
				LastSwiftUpdateCheck = 1200;
				LastUpgradeCheck = 1200;
				TargetAttributes = {
					E36D852225333B0E00722077 = {
						CreatedOnToolsVersion = 12.0;
					};
				};
			};
			buildConfigurationList = E36D851E25333B0E00722077 /* Build configuration list for PBXProject "ymenu-ios" */;
			compatibilityVersion = "Xcode 9.3";
			developmentRegion = en;
			hasScannedForEncodings = 0;
			knownRegions = (
				en,
				Base,
			);
			mainGroup = E36D851A25333B0E00722077;
			packageReferences = (
				E322F67D25CB1EB2004AF310 /* XCRemoteSwiftPackageReference "SDWebImageSwiftUI" */,
				E3BC0DB826149B9C00ED1900 /* XCRemoteSwiftPackageReference "keychain-swift" */,
				E3BC0DBB26149C0400ED1900 /* XCRemoteSwiftPackageReference "JWTDecode" */,
			);
			productRefGroup = E36D852425333B0E00722077 /* Products */;
			projectDirPath = "";
			projectRoot = "";
			targets = (
				E36D852225333B0E00722077 /* ymenu-ios */,
			);
		};
/* End PBXProject section */

/* Begin PBXResourcesBuildPhase section */
		E36D852125333B0E00722077 /* Resources */ = {
			isa = PBXResourcesBuildPhase;
			buildActionMask = 2147483647;
			files = (
				E36599CF256EA10800D58F6F /* Assets.xcassets in Resources */,
				0A02F0C625C97F06008F53F2 /* SF-Pro-Text-Bold.otf in Resources */,
				0A02F0C025C97ED7008F53F2 /* SF-Pro-Text-Regular.otf in Resources */,
				0A02F0C325C97EF1008F53F2 /* SF-Pro-Rounded-Bold.otf in Resources */,
				E36D853025333B0F00722077 /* Preview Assets.xcassets in Resources */,
			);
			runOnlyForDeploymentPostprocessing = 0;
		};
/* End PBXResourcesBuildPhase section */

/* Begin PBXSourcesBuildPhase section */
		E36D851F25333B0E00722077 /* Sources */ = {
			isa = PBXSourcesBuildPhase;
			buildActionMask = 2147483647;
			files = (
				E36D852925333B0E00722077 /* ContentView.swift in Sources */,
				E3BC0DD42614BF6C00ED1900 /* RoutingProvider.swift in Sources */,
				470D9731256BBB2D0083912C /* GenericServerResponse.swift in Sources */,
				0A42155A261496E8002BC7B2 /* InfoProfilView.swift in Sources */,
				E333305425C40F02008278B2 /* ARQuickLook.swift in Sources */,
				BAFA3E28260939030082C3EE /* ProfilView.swift in Sources */,
				E33D6D052790BD78002D0DE1 /* ARQLView.swift in Sources */,
				0AFD140B256E7CD3000EFEBA /* ScannerViewModel.swift in Sources */,
				E3BC0DD22614BF5F00ED1900 /* Routing.swift in Sources */,
				9595267D27D9086000D17FF8 /* ImageCarouselView.swift in Sources */,
				4715A4EB256E6B4A00C24659 /* RestaurantDTO.swift in Sources */,
				47CE67AE258A3FDE004940D7 /* MenuViewModel.swift in Sources */,
				E3BC0DB726149B6E00ED1900 /* ApplicationState.swift in Sources */,
				4715A4E5256E672E00C24659 /* DishApiService.swift in Sources */,
				BACCEDAC2619FEA800752D60 /* Restaurant.swift in Sources */,
				E3EB411125C9EA010016862A /* Blur.swift in Sources */,
				0AFD1411256E7D31000EFEBA /* QrCodeCameraDelegate.swift in Sources */,
				4765860A25CB498C00871FDC /* QrCodeScannerViewModel.swift in Sources */,
				B38E711725B861FD00A67830 /* DishDetailView.swift in Sources */,
				E3BC0DC12614AE4900ED1900 /* User.swift in Sources */,
				B3408E1225B827C8006BD523 /* DishCategory.swift in Sources */,
				BA51E14D2610C290006AC7DB /* RegisterView.swift in Sources */,
				E3868A5327F3B2C000730C80 /* OffsetModifier+OffsetKey.swift in Sources */,
				B3408E1925B82C5C006BD523 /* CategoriesTopBarView.swift in Sources */,
				0ABE4C5825A9D6AF00463B1A /* OnboardingCardView.swift in Sources */,
				BA44699A26146A0000CFBF1D /* HistoryViewModel.swift in Sources */,
				0ABE4C6125A9F3A000463B1A /* PageControl.swift in Sources */,
				BA446996261467B800CFBF1D /* HistoryView.swift in Sources */,
				E3BC0DD62614BF7500ED1900 /* Weakable.swift in Sources */,
				470D972C256BBA080083912C /* Request.swift in Sources */,
				B38E711E25B877F900A67830 /* IndexedForEach.swift in Sources */,
				BAF8267A262C6CC600427AE7 /* RegisterWebService.swift in Sources */,
				E36D852725333B0E00722077 /* AppDelegate.swift in Sources */,
				BA4469A526146E2800CFBF1D /* IndexedForEachHistory.swift in Sources */,
				0A9DFA312589FFEE001C3ECC /* CameraPreview.swift in Sources */,
				E3868A5527F3B30E00730C80 /* MenuCardView.swift in Sources */,
				0AFD1417256E7DD1000EFEBA /* QrCodeScannerView.swift in Sources */,
				E343150727F65F4B0081E1A9 /* RestaurantInfoViewModel.swift in Sources */,
				E3BC0DC42614B22C00ED1900 /* AccountView.swift in Sources */,
				9595267B27D89D2400D17FF8 /* RestaurantInfoView.swift in Sources */,
				470D9736256BBB4D0083912C /* AnyEncodable.swift in Sources */,
				BA51E1492610C288006AC7DB /* LoginView.swift in Sources */,
				47CE67AA258A0431004940D7 /* MenuView.swift in Sources */,
				E33883A22620ED04009FEA0F /* ViewRouter.swift in Sources */,
				4715A4E8256E67BF00C24659 /* Dish.swift in Sources */,
				E3BC0DC62614B6CA00ED1900 /* LoginViewModel.swift in Sources */,
				0AFD140E256E7CF9000EFEBA /* ScannerView.swift in Sources */,
				E3BC0DDA2614C0A400ED1900 /* LoginWebService.swift in Sources */,
				BAF8267D262C6DD100427AE7 /* RegisterViewModel.swift in Sources */,
				B3408E0F25B8275E006BD523 /* DishCategoryApiService.swift in Sources */,
				0ABE4C5525A9D63F00463B1A /* OnboardingCard.swift in Sources */,
				E3BC0DD82614C04F00ED1900 /* Hostname.swift in Sources */,
				0ABE4C5B25A9E89600463B1A /* PageViewController.swift in Sources */,
				4715A4E2256E66F000C24659 /* RestaurantApiService.swift in Sources */,
				BA85DD182619EBF6009247EF /* UserDTO.swift in Sources */,
				0ABE4C5E25A9EA6000463B1A /* PageView.swift in Sources */,
			);
			runOnlyForDeploymentPostprocessing = 0;
		};
/* End PBXSourcesBuildPhase section */

/* Begin XCBuildConfiguration section */
		E36D853225333B0F00722077 /* Debug */ = {
			isa = XCBuildConfiguration;
			buildSettings = {
				ALWAYS_SEARCH_USER_PATHS = NO;
				CLANG_ANALYZER_NONNULL = YES;
				CLANG_ANALYZER_NUMBER_OBJECT_CONVERSION = YES_AGGRESSIVE;
				CLANG_CXX_LANGUAGE_STANDARD = "gnu++14";
				CLANG_CXX_LIBRARY = "libc++";
				CLANG_ENABLE_MODULES = YES;
				CLANG_ENABLE_OBJC_ARC = YES;
				CLANG_ENABLE_OBJC_WEAK = YES;
				CLANG_WARN_BLOCK_CAPTURE_AUTORELEASING = YES;
				CLANG_WARN_BOOL_CONVERSION = YES;
				CLANG_WARN_COMMA = YES;
				CLANG_WARN_CONSTANT_CONVERSION = YES;
				CLANG_WARN_DEPRECATED_OBJC_IMPLEMENTATIONS = YES;
				CLANG_WARN_DIRECT_OBJC_ISA_USAGE = YES_ERROR;
				CLANG_WARN_DOCUMENTATION_COMMENTS = YES;
				CLANG_WARN_EMPTY_BODY = YES;
				CLANG_WARN_ENUM_CONVERSION = YES;
				CLANG_WARN_INFINITE_RECURSION = YES;
				CLANG_WARN_INT_CONVERSION = YES;
				CLANG_WARN_NON_LITERAL_NULL_CONVERSION = YES;
				CLANG_WARN_OBJC_IMPLICIT_RETAIN_SELF = YES;
				CLANG_WARN_OBJC_LITERAL_CONVERSION = YES;
				CLANG_WARN_OBJC_ROOT_CLASS = YES_ERROR;
				CLANG_WARN_QUOTED_INCLUDE_IN_FRAMEWORK_HEADER = YES;
				CLANG_WARN_RANGE_LOOP_ANALYSIS = YES;
				CLANG_WARN_STRICT_PROTOTYPES = YES;
				CLANG_WARN_SUSPICIOUS_MOVE = YES;
				CLANG_WARN_UNGUARDED_AVAILABILITY = YES_AGGRESSIVE;
				CLANG_WARN_UNREACHABLE_CODE = YES;
				CLANG_WARN__DUPLICATE_METHOD_MATCH = YES;
				COPY_PHASE_STRIP = NO;
				DEBUG_INFORMATION_FORMAT = dwarf;
				ENABLE_STRICT_OBJC_MSGSEND = YES;
				ENABLE_TESTABILITY = YES;
				GCC_C_LANGUAGE_STANDARD = gnu11;
				GCC_DYNAMIC_NO_PIC = NO;
				GCC_NO_COMMON_BLOCKS = YES;
				GCC_OPTIMIZATION_LEVEL = 0;
				GCC_PREPROCESSOR_DEFINITIONS = (
					"DEBUG=1",
					"$(inherited)",
				);
				GCC_WARN_64_TO_32_BIT_CONVERSION = YES;
				GCC_WARN_ABOUT_RETURN_TYPE = YES_ERROR;
				GCC_WARN_UNDECLARED_SELECTOR = YES;
				GCC_WARN_UNINITIALIZED_AUTOS = YES_AGGRESSIVE;
				GCC_WARN_UNUSED_FUNCTION = YES;
				GCC_WARN_UNUSED_VARIABLE = YES;
				IPHONEOS_DEPLOYMENT_TARGET = 14.0;
				MTL_ENABLE_DEBUG_INFO = INCLUDE_SOURCE;
				MTL_FAST_MATH = YES;
				ONLY_ACTIVE_ARCH = YES;
				SDKROOT = iphoneos;
				SWIFT_ACTIVE_COMPILATION_CONDITIONS = DEBUG;
				SWIFT_OPTIMIZATION_LEVEL = "-Onone";
			};
			name = Debug;
		};
		E36D853325333B0F00722077 /* Release */ = {
			isa = XCBuildConfiguration;
			buildSettings = {
				ALWAYS_SEARCH_USER_PATHS = NO;
				CLANG_ANALYZER_NONNULL = YES;
				CLANG_ANALYZER_NUMBER_OBJECT_CONVERSION = YES_AGGRESSIVE;
				CLANG_CXX_LANGUAGE_STANDARD = "gnu++14";
				CLANG_CXX_LIBRARY = "libc++";
				CLANG_ENABLE_MODULES = YES;
				CLANG_ENABLE_OBJC_ARC = YES;
				CLANG_ENABLE_OBJC_WEAK = YES;
				CLANG_WARN_BLOCK_CAPTURE_AUTORELEASING = YES;
				CLANG_WARN_BOOL_CONVERSION = YES;
				CLANG_WARN_COMMA = YES;
				CLANG_WARN_CONSTANT_CONVERSION = YES;
				CLANG_WARN_DEPRECATED_OBJC_IMPLEMENTATIONS = YES;
				CLANG_WARN_DIRECT_OBJC_ISA_USAGE = YES_ERROR;
				CLANG_WARN_DOCUMENTATION_COMMENTS = YES;
				CLANG_WARN_EMPTY_BODY = YES;
				CLANG_WARN_ENUM_CONVERSION = YES;
				CLANG_WARN_INFINITE_RECURSION = YES;
				CLANG_WARN_INT_CONVERSION = YES;
				CLANG_WARN_NON_LITERAL_NULL_CONVERSION = YES;
				CLANG_WARN_OBJC_IMPLICIT_RETAIN_SELF = YES;
				CLANG_WARN_OBJC_LITERAL_CONVERSION = YES;
				CLANG_WARN_OBJC_ROOT_CLASS = YES_ERROR;
				CLANG_WARN_QUOTED_INCLUDE_IN_FRAMEWORK_HEADER = YES;
				CLANG_WARN_RANGE_LOOP_ANALYSIS = YES;
				CLANG_WARN_STRICT_PROTOTYPES = YES;
				CLANG_WARN_SUSPICIOUS_MOVE = YES;
				CLANG_WARN_UNGUARDED_AVAILABILITY = YES_AGGRESSIVE;
				CLANG_WARN_UNREACHABLE_CODE = YES;
				CLANG_WARN__DUPLICATE_METHOD_MATCH = YES;
				COPY_PHASE_STRIP = NO;
				DEBUG_INFORMATION_FORMAT = "dwarf-with-dsym";
				ENABLE_NS_ASSERTIONS = NO;
				ENABLE_STRICT_OBJC_MSGSEND = YES;
				GCC_C_LANGUAGE_STANDARD = gnu11;
				GCC_NO_COMMON_BLOCKS = YES;
				GCC_WARN_64_TO_32_BIT_CONVERSION = YES;
				GCC_WARN_ABOUT_RETURN_TYPE = YES_ERROR;
				GCC_WARN_UNDECLARED_SELECTOR = YES;
				GCC_WARN_UNINITIALIZED_AUTOS = YES_AGGRESSIVE;
				GCC_WARN_UNUSED_FUNCTION = YES;
				GCC_WARN_UNUSED_VARIABLE = YES;
				IPHONEOS_DEPLOYMENT_TARGET = 14.0;
				MTL_ENABLE_DEBUG_INFO = NO;
				MTL_FAST_MATH = YES;
				SDKROOT = iphoneos;
				SWIFT_COMPILATION_MODE = wholemodule;
				SWIFT_OPTIMIZATION_LEVEL = "-O";
				VALIDATE_PRODUCT = YES;
			};
			name = Release;
		};
		E36D853525333B0F00722077 /* Debug */ = {
			isa = XCBuildConfiguration;
			buildSettings = {
				ASSETCATALOG_COMPILER_APPICON_NAME = AppIcon;
				ASSETCATALOG_COMPILER_GLOBAL_ACCENT_COLOR_NAME = AccentColor;
				CODE_SIGN_ENTITLEMENTS = "ymenu-ios/ymenu-ios.entitlements";
				CODE_SIGN_IDENTITY = "iPhone Developer";
				CODE_SIGN_STYLE = Manual;
				CURRENT_PROJECT_VERSION = 7;
				DEVELOPMENT_ASSET_PATHS = "\"ymenu-ios/Preview Content\"";
				DEVELOPMENT_TEAM = 94FLWD5X32;
				ENABLE_PREVIEWS = YES;
				INFOPLIST_FILE = "ymenu-ios/Info.plist";
				LD_RUNPATH_SEARCH_PATHS = (
					"$(inherited)",
					"@executable_path/Frameworks",
				);
				PRODUCT_BUNDLE_IDENTIFIER = com.ynovlyon.ymenu;
				PRODUCT_NAME = "$(TARGET_NAME)";
				PROVISIONING_PROFILE_SPECIFIER = "match Development com.ynovlyon.ymenu";
				SWIFT_VERSION = 5.0;
				TARGETED_DEVICE_FAMILY = "1,2";
			};
			name = Debug;
		};
		E36D853625333B0F00722077 /* Release */ = {
			isa = XCBuildConfiguration;
			buildSettings = {
				ASSETCATALOG_COMPILER_APPICON_NAME = AppIcon;
				ASSETCATALOG_COMPILER_GLOBAL_ACCENT_COLOR_NAME = AccentColor;
				CODE_SIGN_ENTITLEMENTS = "ymenu-ios/ymenu-ios.entitlements";
				CODE_SIGN_IDENTITY = "iPhone Distribution";
				CODE_SIGN_STYLE = Manual;
				CURRENT_PROJECT_VERSION = 7;
				DEVELOPMENT_ASSET_PATHS = "\"ymenu-ios/Preview Content\"";
				DEVELOPMENT_TEAM = 94FLWD5X32;
				ENABLE_PREVIEWS = YES;
				INFOPLIST_FILE = "ymenu-ios/Info.plist";
				LD_RUNPATH_SEARCH_PATHS = (
					"$(inherited)",
					"@executable_path/Frameworks",
				);
				PRODUCT_BUNDLE_IDENTIFIER = com.ynovlyon.ymenu;
				PRODUCT_NAME = "$(TARGET_NAME)";
				PROVISIONING_PROFILE_SPECIFIER = "match AppStore com.ynovlyon.ymenu";
				SWIFT_VERSION = 5.0;
				TARGETED_DEVICE_FAMILY = "1,2";
			};
			name = Release;
		};
/* End XCBuildConfiguration section */

/* Begin XCConfigurationList section */
		E36D851E25333B0E00722077 /* Build configuration list for PBXProject "ymenu-ios" */ = {
			isa = XCConfigurationList;
			buildConfigurations = (
				E36D853225333B0F00722077 /* Debug */,
				E36D853325333B0F00722077 /* Release */,
			);
			defaultConfigurationIsVisible = 0;
			defaultConfigurationName = Release;
		};
		E36D853425333B0F00722077 /* Build configuration list for PBXNativeTarget "ymenu-ios" */ = {
			isa = XCConfigurationList;
			buildConfigurations = (
				E36D853525333B0F00722077 /* Debug */,
				E36D853625333B0F00722077 /* Release */,
			);
			defaultConfigurationIsVisible = 0;
			defaultConfigurationName = Release;
		};
/* End XCConfigurationList section */

/* Begin XCRemoteSwiftPackageReference section */
		E322F67D25CB1EB2004AF310 /* XCRemoteSwiftPackageReference "SDWebImageSwiftUI" */ = {
			isa = XCRemoteSwiftPackageReference;
			repositoryURL = "https://github.com/SDWebImage/SDWebImageSwiftUI";
			requirement = {
				kind = upToNextMajorVersion;
				minimumVersion = 1.5.0;
			};
		};
		E3BC0DB826149B9C00ED1900 /* XCRemoteSwiftPackageReference "keychain-swift" */ = {
			isa = XCRemoteSwiftPackageReference;
			repositoryURL = "https://github.com/evgenyneu/keychain-swift";
			requirement = {
				kind = upToNextMajorVersion;
				minimumVersion = 19.0.0;
			};
		};
		E3BC0DBB26149C0400ED1900 /* XCRemoteSwiftPackageReference "JWTDecode" */ = {
			isa = XCRemoteSwiftPackageReference;
			repositoryURL = "https://github.com/auth0/JWTDecode.swift";
			requirement = {
				kind = upToNextMajorVersion;
				minimumVersion = 2.6.0;
			};
		};
/* End XCRemoteSwiftPackageReference section */

/* Begin XCSwiftPackageProductDependency section */
		E322F68125CB1F65004AF310 /* SDWebImageSwiftUI */ = {
			isa = XCSwiftPackageProductDependency;
			package = E322F67D25CB1EB2004AF310 /* XCRemoteSwiftPackageReference "SDWebImageSwiftUI" */;
			productName = SDWebImageSwiftUI;
		};
		E3BC0DB926149B9C00ED1900 /* KeychainSwift */ = {
			isa = XCSwiftPackageProductDependency;
			package = E3BC0DB826149B9C00ED1900 /* XCRemoteSwiftPackageReference "keychain-swift" */;
			productName = KeychainSwift;
		};
		E3BC0DBC26149C0400ED1900 /* JWTDecode */ = {
			isa = XCSwiftPackageProductDependency;
			package = E3BC0DBB26149C0400ED1900 /* XCRemoteSwiftPackageReference "JWTDecode" */;
			productName = JWTDecode;
		};
/* End XCSwiftPackageProductDependency section */
	};
	rootObject = E36D851B25333B0E00722077 /* Project object */;
}
