// !$*UTF8*$!
{
	archiveVersion = 1;
	classes = {
	};
	objectVersion = 50;
	objects = {

/* Begin PBXBuildFile section */
		0AFD140B256E7CD3000EFEBA /* ScannerViewModel.swift in Sources */ = {isa = PBXBuildFile; fileRef = 0AFD140A256E7CD3000EFEBA /* ScannerViewModel.swift */; };
		0AFD140E256E7CF9000EFEBA /* ScannerView.swift in Sources */ = {isa = PBXBuildFile; fileRef = 0AFD140D256E7CF9000EFEBA /* ScannerView.swift */; };
		0AFD1411256E7D31000EFEBA /* QrCodeCameraDelegate.swift in Sources */ = {isa = PBXBuildFile; fileRef = 0AFD1410256E7D31000EFEBA /* QrCodeCameraDelegate.swift */; };
		0AFD1417256E7DD1000EFEBA /* QrCodeScannerView.swift in Sources */ = {isa = PBXBuildFile; fileRef = 0AFD1416256E7DD1000EFEBA /* QrCodeScannerView.swift */; };
		470D972C256BBA080083912C /* Request.swift in Sources */ = {isa = PBXBuildFile; fileRef = 470D972B256BBA080083912C /* Request.swift */; };
		470D9731256BBB2D0083912C /* GenericServerResponse.swift in Sources */ = {isa = PBXBuildFile; fileRef = 470D9730256BBB2D0083912C /* GenericServerResponse.swift */; };
		470D9736256BBB4D0083912C /* AnyEncodable.swift in Sources */ = {isa = PBXBuildFile; fileRef = 470D9735256BBB4D0083912C /* AnyEncodable.swift */; };
		4715A4E2256E66F000C24659 /* RestaurantApiService.swift in Sources */ = {isa = PBXBuildFile; fileRef = 4715A4E1256E66F000C24659 /* RestaurantApiService.swift */; };
		4715A4E5256E672E00C24659 /* DishApiService.swift in Sources */ = {isa = PBXBuildFile; fileRef = 4715A4E4256E672E00C24659 /* DishApiService.swift */; };
		4715A4E8256E67BF00C24659 /* Dish.swift in Sources */ = {isa = PBXBuildFile; fileRef = 4715A4E7256E67BF00C24659 /* Dish.swift */; };
		4715A4EB256E6B4A00C24659 /* RestaurantDTO.swift in Sources */ = {isa = PBXBuildFile; fileRef = 4715A4EA256E6B4A00C24659 /* RestaurantDTO.swift */; };
		E36599CF256EA10800D58F6F /* Assets.xcassets in Resources */ = {isa = PBXBuildFile; fileRef = E36599CE256EA10800D58F6F /* Assets.xcassets */; };
		4715A53D256EA3BC00C24659 /* CameraPreview.swift in Sources */ = {isa = PBXBuildFile; fileRef = 4715A53C256EA3BC00C24659 /* CameraPreview.swift */; };
		E36D852725333B0E00722077 /* AppDelegate.swift in Sources */ = {isa = PBXBuildFile; fileRef = E36D852625333B0E00722077 /* AppDelegate.swift */; };
		E36D852925333B0E00722077 /* ContentView.swift in Sources */ = {isa = PBXBuildFile; fileRef = E36D852825333B0E00722077 /* ContentView.swift */; };
		E36D852B25333B0F00722077 /* Experience.rcproject in Sources */ = {isa = PBXBuildFile; fileRef = E36D852A25333B0F00722077 /* Experience.rcproject */; };
		E36D853025333B0F00722077 /* Preview Assets.xcassets in Resources */ = {isa = PBXBuildFile; fileRef = E36D852F25333B0F00722077 /* Preview Assets.xcassets */; };
/* End PBXBuildFile section */

/* Begin PBXFileReference section */
		0AFD140A256E7CD3000EFEBA /* ScannerViewModel.swift */ = {isa = PBXFileReference; lastKnownFileType = sourcecode.swift; path = ScannerViewModel.swift; sourceTree = "<group>"; };
		0AFD140D256E7CF9000EFEBA /* ScannerView.swift */ = {isa = PBXFileReference; lastKnownFileType = sourcecode.swift; path = ScannerView.swift; sourceTree = "<group>"; };
		0AFD1410256E7D31000EFEBA /* QrCodeCameraDelegate.swift */ = {isa = PBXFileReference; lastKnownFileType = sourcecode.swift; path = QrCodeCameraDelegate.swift; sourceTree = "<group>"; };
		0AFD1416256E7DD1000EFEBA /* QrCodeScannerView.swift */ = {isa = PBXFileReference; lastKnownFileType = sourcecode.swift; path = QrCodeScannerView.swift; sourceTree = "<group>"; };
		470D972B256BBA080083912C /* Request.swift */ = {isa = PBXFileReference; lastKnownFileType = sourcecode.swift; path = Request.swift; sourceTree = "<group>"; };
		470D9730256BBB2D0083912C /* GenericServerResponse.swift */ = {isa = PBXFileReference; lastKnownFileType = sourcecode.swift; path = GenericServerResponse.swift; sourceTree = "<group>"; };
		470D9735256BBB4D0083912C /* AnyEncodable.swift */ = {isa = PBXFileReference; lastKnownFileType = sourcecode.swift; path = AnyEncodable.swift; sourceTree = "<group>"; };
		4715A4E1256E66F000C24659 /* RestaurantApiService.swift */ = {isa = PBXFileReference; lastKnownFileType = sourcecode.swift; path = RestaurantApiService.swift; sourceTree = "<group>"; };
		4715A4E4256E672E00C24659 /* DishApiService.swift */ = {isa = PBXFileReference; lastKnownFileType = sourcecode.swift; path = DishApiService.swift; sourceTree = "<group>"; };
		4715A4E7256E67BF00C24659 /* Dish.swift */ = {isa = PBXFileReference; lastKnownFileType = sourcecode.swift; path = Dish.swift; sourceTree = "<group>"; };
		4715A4EA256E6B4A00C24659 /* RestaurantDTO.swift */ = {isa = PBXFileReference; lastKnownFileType = sourcecode.swift; path = RestaurantDTO.swift; sourceTree = "<group>"; };
		E36599CE256EA10800D58F6F /* Assets.xcassets */ = {isa = PBXFileReference; lastKnownFileType = folder.assetcatalog; path = Assets.xcassets; sourceTree = "<group>"; };
		4715A53C256EA3BC00C24659 /* CameraPreview.swift */ = {isa = PBXFileReference; fileEncoding = 4; lastKnownFileType = sourcecode.swift; path = CameraPreview.swift; sourceTree = "<group>"; };
		E36D852325333B0E00722077 /* ymenu-ios.app */ = {isa = PBXFileReference; explicitFileType = wrapper.application; includeInIndex = 0; path = "ymenu-ios.app"; sourceTree = BUILT_PRODUCTS_DIR; };
		E36D852625333B0E00722077 /* AppDelegate.swift */ = {isa = PBXFileReference; lastKnownFileType = sourcecode.swift; path = AppDelegate.swift; sourceTree = "<group>"; };
		E36D852825333B0E00722077 /* ContentView.swift */ = {isa = PBXFileReference; lastKnownFileType = sourcecode.swift; path = ContentView.swift; sourceTree = "<group>"; };
		E36D852A25333B0F00722077 /* Experience.rcproject */ = {isa = PBXFileReference; lastKnownFileType = file.rcproject; path = Experience.rcproject; sourceTree = "<group>"; };
		E36D852F25333B0F00722077 /* Preview Assets.xcassets */ = {isa = PBXFileReference; lastKnownFileType = folder.assetcatalog; path = "Preview Assets.xcassets"; sourceTree = "<group>"; };
		E36D853125333B0F00722077 /* Info.plist */ = {isa = PBXFileReference; lastKnownFileType = text.plist.xml; path = Info.plist; sourceTree = "<group>"; };
/* End PBXFileReference section */

/* Begin PBXFrameworksBuildPhase section */
		E36D852025333B0E00722077 /* Frameworks */ = {
			isa = PBXFrameworksBuildPhase;
			buildActionMask = 2147483647;
			files = (
			);
			runOnlyForDeploymentPostprocessing = 0;
		};
/* End PBXFrameworksBuildPhase section */

/* Begin PBXGroup section */
		470D972A256BB9E80083912C /* Service */ = {
			isa = PBXGroup;
			children = (
				470D972B256BBA080083912C /* Request.swift */,
				4715A4E1256E66F000C24659 /* RestaurantApiService.swift */,
				4715A4E4256E672E00C24659 /* DishApiService.swift */,
				0AFD1410256E7D31000EFEBA /* QrCodeCameraDelegate.swift */,
			);
			path = Service;
			sourceTree = "<group>";
		};
		470D972F256BBB0D0083912C /* Model */ = {
			isa = PBXGroup;
			children = (
				470D9734256BBB390083912C /* DTO */,
				470D9730256BBB2D0083912C /* GenericServerResponse.swift */,
				4715A4E7256E67BF00C24659 /* Dish.swift */,
			);
			path = Model;
			sourceTree = "<group>";
		};
		470D9734256BBB390083912C /* DTO */ = {
			isa = PBXGroup;
			children = (
				470D9735256BBB4D0083912C /* AnyEncodable.swift */,
				4715A4EA256E6B4A00C24659 /* RestaurantDTO.swift */,
			);
			path = DTO;
			sourceTree = "<group>";
		};
		4715A540256EA70100C24659 /* Screen */ = {
			isa = PBXGroup;
			children = (
				4715A541256EA71500C24659 /* QRCode */,
			);
			path = Screen;
			sourceTree = "<group>";
		};
		4715A541256EA71500C24659 /* QRCode */ = {
			isa = PBXGroup;
			children = (
				4715A53C256EA3BC00C24659 /* CameraPreview.swift */,
				0AFD1416256E7DD1000EFEBA /* QrCodeScannerView.swift */,
				0AFD140D256E7CF9000EFEBA /* ScannerView.swift */,
				4715A542256EA73400C24659 /* ViewModel */,
			);
			path = QRCode;
			sourceTree = "<group>";
		};
		4715A542256EA73400C24659 /* ViewModel */ = {
			isa = PBXGroup;
			children = (
				0AFD140A256E7CD3000EFEBA /* ScannerViewModel.swift */,
			);
			path = ViewModel;
			sourceTree = "<group>";
		};
		E36D851A25333B0E00722077 = {
			isa = PBXGroup;
			children = (
				E36D852525333B0E00722077 /* ymenu-ios */,
				E36D852425333B0E00722077 /* Products */,
			);
			sourceTree = "<group>";
		};
		E36D852425333B0E00722077 /* Products */ = {
			isa = PBXGroup;
			children = (
				E36D852325333B0E00722077 /* ymenu-ios.app */,
			);
			name = Products;
			sourceTree = "<group>";
		};
		E36D852525333B0E00722077 /* ymenu-ios */ = {
			isa = PBXGroup;
			children = (
				E36599CE256EA10800D58F6F /* Assets.xcassets */,
				4715A540256EA70100C24659 /* Screen */,
				470D972F256BBB0D0083912C /* Model */,
				470D972A256BB9E80083912C /* Service */,
				E36D852625333B0E00722077 /* AppDelegate.swift */,
				E36D852825333B0E00722077 /* ContentView.swift */,
				E36D852A25333B0F00722077 /* Experience.rcproject */,
				E36D853125333B0F00722077 /* Info.plist */,
				E36D852E25333B0F00722077 /* Preview Content */,
			);
			path = "ymenu-ios";
			sourceTree = "<group>";
		};
		E36D852E25333B0F00722077 /* Preview Content */ = {
			isa = PBXGroup;
			children = (
				E36D852F25333B0F00722077 /* Preview Assets.xcassets */,
			);
			path = "Preview Content";
			sourceTree = "<group>";
		};
/* End PBXGroup section */

/* Begin PBXNativeTarget section */
		E36D852225333B0E00722077 /* ymenu-ios */ = {
			isa = PBXNativeTarget;
			buildConfigurationList = E36D853425333B0F00722077 /* Build configuration list for PBXNativeTarget "ymenu-ios" */;
			buildPhases = (
				E36D851F25333B0E00722077 /* Sources */,
				E36D852025333B0E00722077 /* Frameworks */,
				E36D852125333B0E00722077 /* Resources */,
			);
			buildRules = (
			);
			dependencies = (
			);
			name = "ymenu-ios";
			productName = "ymenu-ios";
			productReference = E36D852325333B0E00722077 /* ymenu-ios.app */;
			productType = "com.apple.product-type.application";
		};
/* End PBXNativeTarget section */

/* Begin PBXProject section */
		E36D851B25333B0E00722077 /* Project object */ = {
			isa = PBXProject;
			attributes = {
				LastSwiftUpdateCheck = 1200;
				LastUpgradeCheck = 1200;
				TargetAttributes = {
					E36D852225333B0E00722077 = {
						CreatedOnToolsVersion = 12.0;
					};
				};
			};
			buildConfigurationList = E36D851E25333B0E00722077 /* Build configuration list for PBXProject "ymenu-ios" */;
			compatibilityVersion = "Xcode 9.3";
			developmentRegion = en;
			hasScannedForEncodings = 0;
			knownRegions = (
				en,
				Base,
			);
			mainGroup = E36D851A25333B0E00722077;
			productRefGroup = E36D852425333B0E00722077 /* Products */;
			projectDirPath = "";
			projectRoot = "";
			targets = (
				E36D852225333B0E00722077 /* ymenu-ios */,
			);
		};
/* End PBXProject section */

/* Begin PBXResourcesBuildPhase section */
		E36D852125333B0E00722077 /* Resources */ = {
			isa = PBXResourcesBuildPhase;
			buildActionMask = 2147483647;
			files = (
				E36599CF256EA10800D58F6F /* Assets.xcassets in Resources */,
				E36D853025333B0F00722077 /* Preview Assets.xcassets in Resources */,
			);
			runOnlyForDeploymentPostprocessing = 0;
		};
/* End PBXResourcesBuildPhase section */

/* Begin PBXSourcesBuildPhase section */
		E36D851F25333B0E00722077 /* Sources */ = {
			isa = PBXSourcesBuildPhase;
			buildActionMask = 2147483647;
			files = (
				4715A53D256EA3BC00C24659 /* CameraPreview.swift in Sources */,
				E36D852925333B0E00722077 /* ContentView.swift in Sources */,
				470D9731256BBB2D0083912C /* GenericServerResponse.swift in Sources */,
				0AFD140B256E7CD3000EFEBA /* ScannerViewModel.swift in Sources */,
				4715A4EB256E6B4A00C24659 /* RestaurantDTO.swift in Sources */,
				4715A4E5256E672E00C24659 /* DishApiService.swift in Sources */,
				0AFD1411256E7D31000EFEBA /* QrCodeCameraDelegate.swift in Sources */,
				470D972C256BBA080083912C /* Request.swift in Sources */,
				E36D852725333B0E00722077 /* AppDelegate.swift in Sources */,
				0AFD1417256E7DD1000EFEBA /* QrCodeScannerView.swift in Sources */,
				470D9736256BBB4D0083912C /* AnyEncodable.swift in Sources */,
				4715A4E8256E67BF00C24659 /* Dish.swift in Sources */,
				0AFD140E256E7CF9000EFEBA /* ScannerView.swift in Sources */,
				E36D852B25333B0F00722077 /* Experience.rcproject in Sources */,
				4715A4E2256E66F000C24659 /* RestaurantApiService.swift in Sources */,
			);
			runOnlyForDeploymentPostprocessing = 0;
		};
/* End PBXSourcesBuildPhase section */

/* Begin XCBuildConfiguration section */
		E36D853225333B0F00722077 /* Debug */ = {
			isa = XCBuildConfiguration;
			buildSettings = {
				ALWAYS_SEARCH_USER_PATHS = NO;
				CLANG_ANALYZER_NONNULL = YES;
				CLANG_ANALYZER_NUMBER_OBJECT_CONVERSION = YES_AGGRESSIVE;
				CLANG_CXX_LANGUAGE_STANDARD = "gnu++14";
				CLANG_CXX_LIBRARY = "libc++";
				CLANG_ENABLE_MODULES = YES;
				CLANG_ENABLE_OBJC_ARC = YES;
				CLANG_ENABLE_OBJC_WEAK = YES;
				CLANG_WARN_BLOCK_CAPTURE_AUTORELEASING = YES;
				CLANG_WARN_BOOL_CONVERSION = YES;
				CLANG_WARN_COMMA = YES;
				CLANG_WARN_CONSTANT_CONVERSION = YES;
				CLANG_WARN_DEPRECATED_OBJC_IMPLEMENTATIONS = YES;
				CLANG_WARN_DIRECT_OBJC_ISA_USAGE = YES_ERROR;
				CLANG_WARN_DOCUMENTATION_COMMENTS = YES;
				CLANG_WARN_EMPTY_BODY = YES;
				CLANG_WARN_ENUM_CONVERSION = YES;
				CLANG_WARN_INFINITE_RECURSION = YES;
				CLANG_WARN_INT_CONVERSION = YES;
				CLANG_WARN_NON_LITERAL_NULL_CONVERSION = YES;
				CLANG_WARN_OBJC_IMPLICIT_RETAIN_SELF = YES;
				CLANG_WARN_OBJC_LITERAL_CONVERSION = YES;
				CLANG_WARN_OBJC_ROOT_CLASS = YES_ERROR;
				CLANG_WARN_QUOTED_INCLUDE_IN_FRAMEWORK_HEADER = YES;
				CLANG_WARN_RANGE_LOOP_ANALYSIS = YES;
				CLANG_WARN_STRICT_PROTOTYPES = YES;
				CLANG_WARN_SUSPICIOUS_MOVE = YES;
				CLANG_WARN_UNGUARDED_AVAILABILITY = YES_AGGRESSIVE;
				CLANG_WARN_UNREACHABLE_CODE = YES;
				CLANG_WARN__DUPLICATE_METHOD_MATCH = YES;
				COPY_PHASE_STRIP = NO;
				DEBUG_INFORMATION_FORMAT = dwarf;
				ENABLE_STRICT_OBJC_MSGSEND = YES;
				ENABLE_TESTABILITY = YES;
				GCC_C_LANGUAGE_STANDARD = gnu11;
				GCC_DYNAMIC_NO_PIC = NO;
				GCC_NO_COMMON_BLOCKS = YES;
				GCC_OPTIMIZATION_LEVEL = 0;
				GCC_PREPROCESSOR_DEFINITIONS = (
					"DEBUG=1",
					"$(inherited)",
				);
				GCC_WARN_64_TO_32_BIT_CONVERSION = YES;
				GCC_WARN_ABOUT_RETURN_TYPE = YES_ERROR;
				GCC_WARN_UNDECLARED_SELECTOR = YES;
				GCC_WARN_UNINITIALIZED_AUTOS = YES_AGGRESSIVE;
				GCC_WARN_UNUSED_FUNCTION = YES;
				GCC_WARN_UNUSED_VARIABLE = YES;
				IPHONEOS_DEPLOYMENT_TARGET = 14.0;
				MTL_ENABLE_DEBUG_INFO = INCLUDE_SOURCE;
				MTL_FAST_MATH = YES;
				ONLY_ACTIVE_ARCH = YES;
				SDKROOT = iphoneos;
				SWIFT_ACTIVE_COMPILATION_CONDITIONS = DEBUG;
				SWIFT_OPTIMIZATION_LEVEL = "-Onone";
			};
			name = Debug;
		};
		E36D853325333B0F00722077 /* Release */ = {
			isa = XCBuildConfiguration;
			buildSettings = {
				ALWAYS_SEARCH_USER_PATHS = NO;
				CLANG_ANALYZER_NONNULL = YES;
				CLANG_ANALYZER_NUMBER_OBJECT_CONVERSION = YES_AGGRESSIVE;
				CLANG_CXX_LANGUAGE_STANDARD = "gnu++14";
				CLANG_CXX_LIBRARY = "libc++";
				CLANG_ENABLE_MODULES = YES;
				CLANG_ENABLE_OBJC_ARC = YES;
				CLANG_ENABLE_OBJC_WEAK = YES;
				CLANG_WARN_BLOCK_CAPTURE_AUTORELEASING = YES;
				CLANG_WARN_BOOL_CONVERSION = YES;
				CLANG_WARN_COMMA = YES;
				CLANG_WARN_CONSTANT_CONVERSION = YES;
				CLANG_WARN_DEPRECATED_OBJC_IMPLEMENTATIONS = YES;
				CLANG_WARN_DIRECT_OBJC_ISA_USAGE = YES_ERROR;
				CLANG_WARN_DOCUMENTATION_COMMENTS = YES;
				CLANG_WARN_EMPTY_BODY = YES;
				CLANG_WARN_ENUM_CONVERSION = YES;
				CLANG_WARN_INFINITE_RECURSION = YES;
				CLANG_WARN_INT_CONVERSION = YES;
				CLANG_WARN_NON_LITERAL_NULL_CONVERSION = YES;
				CLANG_WARN_OBJC_IMPLICIT_RETAIN_SELF = YES;
				CLANG_WARN_OBJC_LITERAL_CONVERSION = YES;
				CLANG_WARN_OBJC_ROOT_CLASS = YES_ERROR;
				CLANG_WARN_QUOTED_INCLUDE_IN_FRAMEWORK_HEADER = YES;
				CLANG_WARN_RANGE_LOOP_ANALYSIS = YES;
				CLANG_WARN_STRICT_PROTOTYPES = YES;
				CLANG_WARN_SUSPICIOUS_MOVE = YES;
				CLANG_WARN_UNGUARDED_AVAILABILITY = YES_AGGRESSIVE;
				CLANG_WARN_UNREACHABLE_CODE = YES;
				CLANG_WARN__DUPLICATE_METHOD_MATCH = YES;
				COPY_PHASE_STRIP = NO;
				DEBUG_INFORMATION_FORMAT = "dwarf-with-dsym";
				ENABLE_NS_ASSERTIONS = NO;
				ENABLE_STRICT_OBJC_MSGSEND = YES;
				GCC_C_LANGUAGE_STANDARD = gnu11;
				GCC_NO_COMMON_BLOCKS = YES;
				GCC_WARN_64_TO_32_BIT_CONVERSION = YES;
				GCC_WARN_ABOUT_RETURN_TYPE = YES_ERROR;
				GCC_WARN_UNDECLARED_SELECTOR = YES;
				GCC_WARN_UNINITIALIZED_AUTOS = YES_AGGRESSIVE;
				GCC_WARN_UNUSED_FUNCTION = YES;
				GCC_WARN_UNUSED_VARIABLE = YES;
				IPHONEOS_DEPLOYMENT_TARGET = 14.0;
				MTL_ENABLE_DEBUG_INFO = NO;
				MTL_FAST_MATH = YES;
				SDKROOT = iphoneos;
				SWIFT_COMPILATION_MODE = wholemodule;
				SWIFT_OPTIMIZATION_LEVEL = "-O";
				VALIDATE_PRODUCT = YES;
			};
			name = Release;
		};
		E36D853525333B0F00722077 /* Debug */ = {
			isa = XCBuildConfiguration;
			buildSettings = {
				ASSETCATALOG_COMPILER_APPICON_NAME = AppIcon;
				ASSETCATALOG_COMPILER_GLOBAL_ACCENT_COLOR_NAME = AccentColor;
				CODE_SIGN_IDENTITY = "Apple Development";
				CODE_SIGN_STYLE = Automatic;
				DEVELOPMENT_ASSET_PATHS = "\"ymenu-ios/Preview Content\"";
				DEVELOPMENT_TEAM = A2F82R6YR7;
				ENABLE_PREVIEWS = YES;
				INFOPLIST_FILE = "ymenu-ios/Info.plist";
				LD_RUNPATH_SEARCH_PATHS = (
					"$(inherited)",
					"@executable_path/Frameworks",
				);
				PRODUCT_BUNDLE_IDENTIFIER = "com.ynovlyon.ymenu-ios";
				PRODUCT_NAME = "$(TARGET_NAME)";
				PROVISIONING_PROFILE_SPECIFIER = "";
				SWIFT_VERSION = 5.0;
				TARGETED_DEVICE_FAMILY = "1,2";
			};
			name = Debug;
		};
		E36D853625333B0F00722077 /* Release */ = {
			isa = XCBuildConfiguration;
			buildSettings = {
				ASSETCATALOG_COMPILER_APPICON_NAME = AppIcon;
				ASSETCATALOG_COMPILER_GLOBAL_ACCENT_COLOR_NAME = AccentColor;
				CODE_SIGN_IDENTITY = "Apple Development";
				CODE_SIGN_STYLE = Automatic;
				DEVELOPMENT_ASSET_PATHS = "\"ymenu-ios/Preview Content\"";
				DEVELOPMENT_TEAM = A2F82R6YR7;
				ENABLE_PREVIEWS = YES;
				INFOPLIST_FILE = "ymenu-ios/Info.plist";
				LD_RUNPATH_SEARCH_PATHS = (
					"$(inherited)",
					"@executable_path/Frameworks",
				);
				PRODUCT_BUNDLE_IDENTIFIER = "com.ynovlyon.ymenu-ios";
				PRODUCT_NAME = "$(TARGET_NAME)";
				PROVISIONING_PROFILE_SPECIFIER = "";
				SWIFT_VERSION = 5.0;
				TARGETED_DEVICE_FAMILY = "1,2";
			};
			name = Release;
		};
/* End XCBuildConfiguration section */

/* Begin XCConfigurationList section */
		E36D851E25333B0E00722077 /* Build configuration list for PBXProject "ymenu-ios" */ = {
			isa = XCConfigurationList;
			buildConfigurations = (
				E36D853225333B0F00722077 /* Debug */,
				E36D853325333B0F00722077 /* Release */,
			);
			defaultConfigurationIsVisible = 0;
			defaultConfigurationName = Release;
		};
		E36D853425333B0F00722077 /* Build configuration list for PBXNativeTarget "ymenu-ios" */ = {
			isa = XCConfigurationList;
			buildConfigurations = (
				E36D853525333B0F00722077 /* Debug */,
				E36D853625333B0F00722077 /* Release */,
			);
			defaultConfigurationIsVisible = 0;
			defaultConfigurationName = Release;
		};
/* End XCConfigurationList section */
	};
	rootObject = E36D851B25333B0E00722077 /* Project object */;
}
